hash: 3e87eeab80f06eff4e5dc9f9bd0f3c016c73d4b93bce006838f938b1c64a6086
updated: 2018-01-07T05:22:19.685311279+05:00
imports:
- name: github.com/go-kit/kit
  version: 4dc7be5d2d12881735283bcab7352178e190fc71
  subpackages:
  - endpoint
  - log
  - transport/http
- name: github.com/go-logfmt/logfmt
  version: 390ab7935ee28ec6b286364bba9b4dd6410cb3d5
- name: github.com/go-stack/stack
  version: 259ab82a6cad3992b4e21ff5cac294ccb06474bc
- name: github.com/kr/logfmt
  version: b84e30acd515aadc4b783ad4ff83aff3299bdfe0
- name: github.com/matperez/go-cbr-client
  version: b9451d299555712ac572cfab47de8da6f8dc41ed
- name: golang.org/x/text
  version: e19ae1496984b1c655b8044a65c0300a3c878dd3
  subpackages:
  - encoding
  - encoding/charmap
  - encoding/internal
  - encoding/internal/identifier
  - transform
testImports: []
